// !$*UTF8*$!
{
	archiveVersion = 1;
	classes = {
	};
	objectVersion = 56;
	objects = {

/* Begin PBXBuildFile section */
		DC35BB922A09DB6A009EAB8A /* assignment7App.swift in Sources */ = {isa = PBXBuildFile; fileRef = DC35BB912A09DB6A009EAB8A /* assignment7App.swift */; };
		DC35BB942A09DB6A009EAB8A /* ContentView.swift in Sources */ = {isa = PBXBuildFile; fileRef = DC35BB932A09DB6A009EAB8A /* ContentView.swift */; };
		DC35BB962A09DB6C009EAB8A /* Assets.xcassets in Resources */ = {isa = PBXBuildFile; fileRef = DC35BB952A09DB6C009EAB8A /* Assets.xcassets */; };
		DC35BB992A09DB6C009EAB8A /* Preview Assets.xcassets in Resources */ = {isa = PBXBuildFile; fileRef = DC35BB982A09DB6C009EAB8A /* Preview Assets.xcassets */; };
		DC35BBA02A09DBC5009EAB8A /* MapView.swift in Sources */ = {isa = PBXBuildFile; fileRef = DC35BB9F2A09DBC5009EAB8A /* MapView.swift */; };
		DC35BBA22A09DBE1009EAB8A /* Structure.swift in Sources */ = {isa = PBXBuildFile; fileRef = DC35BBA12A09DBE1009EAB8A /* Structure.swift */; };
		DC35BBA42A09DBF8009EAB8A /* Structures.swift in Sources */ = {isa = PBXBuildFile; fileRef = DC35BBA32A09DBF8009EAB8A /* Structures.swift */; };
		DC35BBA62A09DC10009EAB8A /* structures.json in Resources */ = {isa = PBXBuildFile; fileRef = DC35BBA52A09DC10009EAB8A /* structures.json */; };
/* End PBXBuildFile section */

/* Begin PBXFileReference section */
		DC35BB8E2A09DB6A009EAB8A /* assignment7.app */ = {isa = PBXFileReference; explicitFileType = wrapper.application; includeInIndex = 0; path = assignment7.app; sourceTree = BUILT_PRODUCTS_DIR; };
		DC35BB912A09DB6A009EAB8A /* assignment7App.swift */ = {isa = PBXFileReference; lastKnownFileType = sourcecode.swift; path = assignment7App.swift; sourceTree = "<group>"; };
		DC35BB932A09DB6A009EAB8A /* ContentView.swift */ = {isa = PBXFileReference; lastKnownFileType = sourcecode.swift; path = ContentView.swift; sourceTree = "<group>"; };
		DC35BB952A09DB6C009EAB8A /* Assets.xcassets */ = {isa = PBXFileReference; lastKnownFileType = folder.assetcatalog; path = Assets.xcassets; sourceTree = "<group>"; };
		DC35BB982A09DB6C009EAB8A /* Preview Assets.xcassets */ = {isa = PBXFileReference; lastKnownFileType = folder.assetcatalog; path = "Preview Assets.xcassets"; sourceTree = "<group>"; };
		DC35BB9F2A09DBC5009EAB8A /* MapView.swift */ = {isa = PBXFileReference; lastKnownFileType = sourcecode.swift; path = MapView.swift; sourceTree = "<group>"; };
		DC35BBA12A09DBE1009EAB8A /* Structure.swift */ = {isa = PBXFileReference; lastKnownFileType = sourcecode.swift; path = Structure.swift; sourceTree = "<group>"; };
		DC35BBA32A09DBF8009EAB8A /* Structures.swift */ = {isa = PBXFileReference; lastKnownFileType = sourcecode.swift; path = Structures.swift; sourceTree = "<group>"; };
		DC35BBA52A09DC10009EAB8A /* structures.json */ = {isa = PBXFileReference; lastKnownFileType = text.json; path = structures.json; sourceTree = "<group>"; };
/* End PBXFileReference section */

/* Begin PBXFrameworksBuildPhase section */
		DC35BB8B2A09DB6A009EAB8A /* Frameworks */ = {
			isa = PBXFrameworksBuildPhase;
			buildActionMask = 2147483647;
			files = (
			);
			runOnlyForDeploymentPostprocessing = 0;
		};
/* End PBXFrameworksBuildPhase section */

/* Begin PBXGroup section */
		DC35BB852A09DB6A009EAB8A = {
			isa = PBXGroup;
			children = (
				DC35BB902A09DB6A009EAB8A /* assignment7 */,
				DC35BB8F2A09DB6A009EAB8A /* Products */,
			);
			sourceTree = "<group>";
		};
		DC35BB8F2A09DB6A009EAB8A /* Products */ = {
			isa = PBXGroup;
			children = (
				DC35BB8E2A09DB6A009EAB8A /* assignment7.app */,
			);
			name = Products;
			sourceTree = "<group>";
		};
		DC35BB902A09DB6A009EAB8A /* assignment7 */ = {
			isa = PBXGroup;
			children = (
				DC35BB912A09DB6A009EAB8A /* assignment7App.swift */,
				DC35BB932A09DB6A009EAB8A /* ContentView.swift */,
				DC35BB952A09DB6C009EAB8A /* Assets.xcassets */,
				DC35BB972A09DB6C009EAB8A /* Preview Content */,
				DC35BB9F2A09DBC5009EAB8A /* MapView.swift */,
				DC35BBA12A09DBE1009EAB8A /* Structure.swift */,
				DC35BBA32A09DBF8009EAB8A /* Structures.swift */,
				DC35BBA52A09DC10009EAB8A /* structures.json */,
			);
			path = assignment7;
			sourceTree = "<group>";
		};
		DC35BB972A09DB6C009EAB8A /* Preview Content */ = {
			isa = PBXGroup;
			children = (
				DC35BB982A09DB6C009EAB8A /* Preview Assets.xcassets */,
			);
			path = "Preview Content";
			sourceTree = "<group>";
		};
/* End PBXGroup section */

/* Begin PBXNativeTarget section */
		DC35BB8D2A09DB6A009EAB8A /* assignment7 */ = {
			isa = PBXNativeTarget;
			buildConfigurationList = DC35BB9C2A09DB6C009EAB8A /* Build configuration list for PBXNativeTarget "assignment7" */;
			buildPhases = (
				DC35BB8A2A09DB6A009EAB8A /* Sources */,
				DC35BB8B2A09DB6A009EAB8A /* Frameworks */,
				DC35BB8C2A09DB6A009EAB8A /* Resources */,
			);
			buildRules = (
			);
			dependencies = (
			);
			name = assignment7;
			productName = assignment7;
			productReference = DC35BB8E2A09DB6A009EAB8A /* assignment7.app */;
			productType = "com.apple.product-type.application";
		};
/* End PBXNativeTarget section */

/* Begin PBXProject section */
		DC35BB862A09DB6A009EAB8A /* Project object */ = {
			isa = PBXProject;
			attributes = {
				BuildIndependentTargetsInParallel = 1;
				LastSwiftUpdateCheck = 1430;
				LastUpgradeCheck = 1430;
				TargetAttributes = {
					DC35BB8D2A09DB6A009EAB8A = {
						CreatedOnToolsVersion = 14.3;
					};
				};
			};
			buildConfigurationList = DC35BB892A09DB6A009EAB8A /* Build configuration list for PBXProject "assignment7" */;
			compatibilityVersion = "Xcode 14.0";
			developmentRegion = en;
			hasScannedForEncodings = 0;
			knownRegions = (
				en,
				Base,
			);
			mainGroup = DC35BB852A09DB6A009EAB8A;
			productRefGroup = DC35BB8F2A09DB6A009EAB8A /* Products */;
			projectDirPath = "";
			projectRoot = "";
			targets = (
				DC35BB8D2A09DB6A009EAB8A /* assignment7 */,
			);
		};
/* End PBXProject section */

/* Begin PBXResourcesBuildPhase section */
		DC35BB8C2A09DB6A009EAB8A /* Resources */ = {
			isa = PBXResourcesBuildPhase;
			buildActionMask = 2147483647;
			files = (
				DC35BB992A09DB6C009EAB8A /* Preview Assets.xcassets in Resources */,
				DC35BB962A09DB6C009EAB8A /* Assets.xcassets in Resources */,
				DC35BBA62A09DC10009EAB8A /* structures.json in Resources */,
			);
			runOnlyForDeploymentPostprocessing = 0;
		};
/* End PBXResourcesBuildPhase section */

/* Begin PBXSourcesBuildPhase section */
		DC35BB8A2A09DB6A009EAB8A /* Sources */ = {
			isa = PBXSourcesBuildPhase;
			buildActionMask = 2147483647;
			files = (
				DC35BBA42A09DBF8009EAB8A /* Structures.swift in Sources */,
				DC35BB942A09DB6A009EAB8A /* ContentView.swift in Sources */,
				DC35BBA02A09DBC5009EAB8A /* MapView.swift in Sources */,
				DC35BB922A09DB6A009EAB8A /* assignment7App.swift in Sources */,
				DC35BBA22A09DBE1009EAB8A /* Structure.swift in Sources */,
			);
			runOnlyForDeploymentPostprocessing = 0;
		};
/* End PBXSourcesBuildPhase section */

/* Begin XCBuildConfiguration section */
		DC35BB9A2A09DB6C009EAB8A /* Debug */ = {
			isa = XCBuildConfiguration;
			buildSettings = {
				ALWAYS_SEARCH_USER_PATHS = NO;
				CLANG_ANALYZER_NONNULL = YES;
				CLANG_ANALYZER_NUMBER_OBJECT_CONVERSION = YES_AGGRESSIVE;
				CLANG_CXX_LANGUAGE_STANDARD = "gnu++20";
				CLANG_ENABLE_MODULES = YES;
				CLANG_ENABLE_OBJC_ARC = YES;
				CLANG_ENABLE_OBJC_WEAK = YES;
				CLANG_WARN_BLOCK_CAPTURE_AUTORELEASING = YES;
				CLANG_WARN_BOOL_CONVERSION = YES;
				CLANG_WARN_COMMA = YES;
				CLANG_WARN_CONSTANT_CONVERSION = YES;
				CLANG_WARN_DEPRECATED_OBJC_IMPLEMENTATIONS = YES;
				CLANG_WARN_DIRECT_OBJC_ISA_USAGE = YES_ERROR;
				CLANG_WARN_DOCUMENTATION_COMMENTS = YES;
				CLANG_WARN_EMPTY_BODY = YES;
				CLANG_WARN_ENUM_CONVERSION = YES;
				CLANG_WARN_INFINITE_RECURSION = YES;
				CLANG_WARN_INT_CONVERSION = YES;
				CLANG_WARN_NON_LITERAL_NULL_CONVERSION = YES;
				CLANG_WARN_OBJC_IMPLICIT_RETAIN_SELF = YES;
				CLANG_WARN_OBJC_LITERAL_CONVERSION = YES;
				CLANG_WARN_OBJC_ROOT_CLASS = YES_ERROR;
				CLANG_WARN_QUOTED_INCLUDE_IN_FRAMEWORK_HEADER = YES;
				CLANG_WARN_RANGE_LOOP_ANALYSIS = YES;
				CLANG_WARN_STRICT_PROTOTYPES = YES;
				CLANG_WARN_SUSPICIOUS_MOVE = YES;
				CLANG_WARN_UNGUARDED_AVAILABILITY = YES_AGGRESSIVE;
				CLANG_WARN_UNREACHABLE_CODE = YES;
				CLANG_WARN__DUPLICATE_METHOD_MATCH = YES;
				COPY_PHASE_STRIP = NO;
				DEBUG_INFORMATION_FORMAT = dwarf;
				ENABLE_STRICT_OBJC_MSGSEND = YES;
				ENABLE_TESTABILITY = YES;
				GCC_C_LANGUAGE_STANDARD = gnu11;
				GCC_DYNAMIC_NO_PIC = NO;
				GCC_NO_COMMON_BLOCKS = YES;
				GCC_OPTIMIZATION_LEVEL = 0;
				GCC_PREPROCESSOR_DEFINITIONS = (
					"DEBUG=1",
					"$(inherited)",
				);
				GCC_WARN_64_TO_32_BIT_CONVERSION = YES;
				GCC_WARN_ABOUT_RETURN_TYPE = YES_ERROR;
				GCC_WARN_UNDECLARED_SELECTOR = YES;
				GCC_WARN_UNINITIALIZED_AUTOS = YES_AGGRESSIVE;
				GCC_WARN_UNUSED_FUNCTION = YES;
				GCC_WARN_UNUSED_VARIABLE = YES;
				IPHONEOS_DEPLOYMENT_TARGET = 16.4;
				MTL_ENABLE_DEBUG_INFO = INCLUDE_SOURCE;
				MTL_FAST_MATH = YES;
				ONLY_ACTIVE_ARCH = YES;
				SDKROOT = iphoneos;
				SWIFT_ACTIVE_COMPILATION_CONDITIONS = DEBUG;
				SWIFT_OPTIMIZATION_LEVEL = "-Onone";
			};
			name = Debug;
		};
		DC35BB9B2A09DB6C009EAB8A /* Release */ = {
			isa = XCBuildConfiguration;
			buildSettings = {
				ALWAYS_SEARCH_USER_PATHS = NO;
				CLANG_ANALYZER_NONNULL = YES;
				CLANG_ANALYZER_NUMBER_OBJECT_CONVERSION = YES_AGGRESSIVE;
				CLANG_CXX_LANGUAGE_STANDARD = "gnu++20";
				CLANG_ENABLE_MODULES = YES;
				CLANG_ENABLE_OBJC_ARC = YES;
				CLANG_ENABLE_OBJC_WEAK = YES;
				CLANG_WARN_BLOCK_CAPTURE_AUTORELEASING = YES;
				CLANG_WARN_BOOL_CONVERSION = YES;
				CLANG_WARN_COMMA = YES;
				CLANG_WARN_CONSTANT_CONVERSION = YES;
				CLANG_WARN_DEPRECATED_OBJC_IMPLEMENTATIONS = YES;
				CLANG_WARN_DIRECT_OBJC_ISA_USAGE = YES_ERROR;
				CLANG_WARN_DOCUMENTATION_COMMENTS = YES;
				CLANG_WARN_EMPTY_BODY = YES;
				CLANG_WARN_ENUM_CONVERSION = YES;
				CLANG_WARN_INFINITE_RECURSION = YES;
				CLANG_WARN_INT_CONVERSION = YES;
				CLANG_WARN_NON_LITERAL_NULL_CONVERSION = YES;
				CLANG_WARN_OBJC_IMPLICIT_RETAIN_SELF = YES;
				CLANG_WARN_OBJC_LITERAL_CONVERSION = YES;
				CLANG_WARN_OBJC_ROOT_CLASS = YES_ERROR;
				CLANG_WARN_QUOTED_INCLUDE_IN_FRAMEWORK_HEADER = YES;
				CLANG_WARN_RANGE_LOOP_ANALYSIS = YES;
				CLANG_WARN_STRICT_PROTOTYPES = YES;
				CLANG_WARN_SUSPICIOUS_MOVE = YES;
				CLANG_WARN_UNGUARDED_AVAILABILITY = YES_AGGRESSIVE;
				CLANG_WARN_UNREACHABLE_CODE = YES;
				CLANG_WARN__DUPLICATE_METHOD_MATCH = YES;
				COPY_PHASE_STRIP = NO;
				DEBUG_INFORMATION_FORMAT = "dwarf-with-dsym";
				ENABLE_NS_ASSERTIONS = NO;
				ENABLE_STRICT_OBJC_MSGSEND = YES;
				GCC_C_LANGUAGE_STANDARD = gnu11;
				GCC_NO_COMMON_BLOCKS = YES;
				GCC_WARN_64_TO_32_BIT_CONVERSION = YES;
				GCC_WARN_ABOUT_RETURN_TYPE = YES_ERROR;
				GCC_WARN_UNDECLARED_SELECTOR = YES;
				GCC_WARN_UNINITIALIZED_AUTOS = YES_AGGRESSIVE;
				GCC_WARN_UNUSED_FUNCTION = YES;
				GCC_WARN_UNUSED_VARIABLE = YES;
				IPHONEOS_DEPLOYMENT_TARGET = 16.4;
				MTL_ENABLE_DEBUG_INFO = NO;
				MTL_FAST_MATH = YES;
				SDKROOT = iphoneos;
				SWIFT_COMPILATION_MODE = wholemodule;
				SWIFT_OPTIMIZATION_LEVEL = "-O";
				VALIDATE_PRODUCT = YES;
			};
			name = Release;
		};
		DC35BB9D2A09DB6C009EAB8A /* Debug */ = {
			isa = XCBuildConfiguration;
			buildSettings = {
				ASSETCATALOG_COMPILER_APPICON_NAME = AppIcon;
				ASSETCATALOG_COMPILER_GLOBAL_ACCENT_COLOR_NAME = AccentColor;
				CODE_SIGN_STYLE = Automatic;
				CURRENT_PROJECT_VERSION = 1;
				DEVELOPMENT_ASSET_PATHS = "\"assignment7/Preview Content\"";
				ENABLE_PREVIEWS = YES;
				GENERATE_INFOPLIST_FILE = YES;
				INFOPLIST_KEY_UIApplicationSceneManifest_Generation = YES;
				INFOPLIST_KEY_UIApplicationSupportsIndirectInputEvents = YES;
				INFOPLIST_KEY_UILaunchScreen_Generation = YES;
				INFOPLIST_KEY_UISupportedInterfaceOrientations_iPad = "UIInterfaceOrientationPortrait UIInterfaceOrientationPortraitUpsideDown UIInterfaceOrientationLandscapeLeft UIInterfaceOrientationLandscapeRight";
				INFOPLIST_KEY_UISupportedInterfaceOrientations_iPhone = "UIInterfaceOrientationPortrait UIInterfaceOrientationLandscapeLeft UIInterfaceOrientationLandscapeRight";
				LD_RUNPATH_SEARCH_PATHS = (
					"$(inherited)",
					"@executable_path/Frameworks",
				);
				MARKETING_VERSION = 1.0;
				PRODUCT_BUNDLE_IDENTIFIER = team1.assignment7;
				PRODUCT_NAME = "$(TARGET_NAME)";
				SWIFT_EMIT_LOC_STRINGS = YES;
				SWIFT_VERSION = 5.0;
				TARGETED_DEVICE_FAMILY = "1,2";
			};
			name = Debug;
		};
		DC35BB9E2A09DB6C009EAB8A /* Release */ = {
			isa = XCBuildConfiguration;
			buildSettings = {
				ASSETCATALOG_COMPILER_APPICON_NAME = AppIcon;
				ASSETCATALOG_COMPILER_GLOBAL_ACCENT_COLOR_NAME = AccentColor;
				CODE_SIGN_STYLE = Automatic;
				CURRENT_PROJECT_VERSION = 1;
				DEVELOPMENT_ASSET_PATHS = "\"assignment7/Preview Content\"";
				ENABLE_PREVIEWS = YES;
				GENERATE_INFOPLIST_FILE = YES;
				INFOPLIST_KEY_UIApplicationSceneManifest_Generation = YES;
				INFOPLIST_KEY_UIApplicationSupportsIndirectInputEvents = YES;
				INFOPLIST_KEY_UILaunchScreen_Generation = YES;
				INFOPLIST_KEY_UISupportedInterfaceOrientations_iPad = "UIInterfaceOrientationPortrait UIInterfaceOrientationPortraitUpsideDown UIInterfaceOrientationLandscapeLeft UIInterfaceOrientationLandscapeRight";
				INFOPLIST_KEY_UISupportedInterfaceOrientations_iPhone = "UIInterfaceOrientationPortrait UIInterfaceOrientationLandscapeLeft UIInterfaceOrientationLandscapeRight";
				LD_RUNPATH_SEARCH_PATHS = (
					"$(inherited)",
					"@executable_path/Frameworks",
				);
				MARKETING_VERSION = 1.0;
				PRODUCT_BUNDLE_IDENTIFIER = team1.assignment7;
				PRODUCT_NAME = "$(TARGET_NAME)";
				SWIFT_EMIT_LOC_STRINGS = YES;
				SWIFT_VERSION = 5.0;
				TARGETED_DEVICE_FAMILY = "1,2";
			};
			name = Release;
		};
/* End XCBuildConfiguration section */

/* Begin XCConfigurationList section */
		DC35BB892A09DB6A009EAB8A /* Build configuration list for PBXProject "assignment7" */ = {
			isa = XCConfigurationList;
			buildConfigurations = (
				DC35BB9A2A09DB6C009EAB8A /* Debug */,
				DC35BB9B2A09DB6C009EAB8A /* Release */,
			);
			defaultConfigurationIsVisible = 0;
			defaultConfigurationName = Release;
		};
		DC35BB9C2A09DB6C009EAB8A /* Build configuration list for PBXNativeTarget "assignment7" */ = {
			isa = XCConfigurationList;
			buildConfigurations = (
				DC35BB9D2A09DB6C009EAB8A /* Debug */,
				DC35BB9E2A09DB6C009EAB8A /* Release */,
			);
			defaultConfigurationIsVisible = 0;
			defaultConfigurationName = Release;
		};
/* End XCConfigurationList section */
	};
	rootObject = DC35BB862A09DB6A009EAB8A /* Project object */;
}
